{
  "name": "Radar de ofertas",
  "lockfileVersion": 3,
  "requires": true,
  "packages": {
    "": {
      "devDependencies": {
        "supabase": "^2.106.0"
      }
    },
    "node_modules/@supabase/cli-darwin-arm64": {
      "version": "2.106.0",
      "resolved": "https://registry.npmjs.org/@supabase/cli-darwin-arm64/-/cli-darwin-arm64-2.106.0.tgz",
      "integrity": "sha512-xi/IAjjbebh6xA9Nkkb7ZwC5ACKJ38OqMoYk1y20ScW5Wt+pxTCcOcaWDWu+2u2Pwc3vTYnXhbknVcQt9UcChQ==",
      "cpu": [
        "arm64"
      ],
      "dev": true,
      "license": "MIT",
      "optional": true,
      "os": [
        "darwin"
      ]
    },
    "node_modules/@supabase/cli-darwin-x64": {
      "version": "2.106.0",
      "resolved": "https://registry.npmjs.org/@supabase/cli-darwin-x64/-/cli-darwin-x64-2.106.0.tgz",
      "integrity": "sha512-AT2s/8/3Ffb7IkcUXK6sA/iPCzJhh4Fh/XqzAGNGsVd1xCA/ZGniqU8BL03TqPkN1sR0iDaShjMLLIlHEflyPQ==",
      "cpu": [
        "x64"
      ],
      "dev": true,
      "license": "MIT",
      "optional": true,
      "os": [
        "darwin"
      ]
    },
    "node_modules/@supabase/cli-linux-arm64": {
      "version": "2.106.0",
      "resolved": "https://registry.npmjs.org/@supabase/cli-linux-arm64/-/cli-linux-arm64-2.106.0.tgz",
      "integrity": "sha512-L/pX7fkV31x7zPrUOcD6KMtZ03j16o41XxgkACFoOAE9lFz8KaJOBSHvn2QLeWEa2kLz7jwpisvpshPSMjuxOw==",
      "cpu": [
        "arm64"
      ],
      "dev": true,
      "libc": [
        "glibc"
      ],
      "license": "MIT",
      "optional": true,
      "os": [
        "linux"
      ]
    },
    "node_modules/@supabase/cli-linux-arm64-musl": {
      "version": "2.106.0",
      "resolved": "https://registry.npmjs.org/@supabase/cli-linux-arm64-musl/-/cli-linux-arm64-musl-2.106.0.tgz",
      "integrity": "sha512-2LExuOHuU6odXorNTvq4M/OvueW+wOs3KDsaCpk+scQMnB6LbmqNidEjXAsKpZu3zyE8MmmtdbJBlRNN/KLdcw==",
      "cpu": [
        "arm64"
      ],
      "dev": true,
      "libc": [
        "musl"
      ],
      "license": "MIT",
      "optional": true,
      "os": [
        "linux"
      ]
    },
    "node_modules/@supabase/cli-linux-x64": {
      "version": "2.106.0",
      "resolved": "https://registry.npmjs.org/@supabase/cli-linux-x64/-/cli-linux-x64-2.106.0.tgz",
      "integrity": "sha512-+ihtqFNURc8ssULgQoHQBR4AtUmxez9dtqjclqOV0y5r65SX7Ginmiby4XDW9LPlqHT+MB7OyD1vk0T6pQUtPA==",
      "cpu": [
        "x64"
      ],
      "dev": true,
      "libc": [
        "glibc"
      ],
      "license": "MIT",
      "optional": true,
      "os": [
        "linux"
      ]
    },
    "node_modules/@supabase/cli-linux-x64-musl": {
      "version": "2.106.0",
      "resolved": "https://registry.npmjs.org/@supabase/cli-linux-x64-musl/-/cli-linux-x64-musl-2.106.0.tgz",
      "integrity": "sha512-wz7heB3wwzmRdLRgqngd2VjPPNIdv6/Y8Q0dX/ZvjcL9/Nk8BYSZ7yjypapLpra+swRnbEJ4jAU6eAShiaB1Hg==",
      "cpu": [
        "x64"
      ],
      "dev": true,
      "libc": [
        "musl"
      ],
      "license": "MIT",
      "optional": true,
      "os": [
        "linux"
      ]
    },
    "node_modules/@supabase/cli-windows-arm64": {
      "version": "2.106.0",
      "resolved": "https://registry.npmjs.org/@supabase/cli-windows-arm64/-/cli-windows-arm64-2.106.0.tgz",
      "integrity": "sha512-QkEfRDiuuQwcfASo2DIJZ59AFV6xpqhPNo4r0kSVt38StYk3iL7ZcSOkZvGQWLlJ8kXKPBWEMhLnfHQF9r+Xfg==",
      "cpu": [
        "arm64"
      ],
      "dev": true,
      "license": "MIT",
      "optional": true,
      "os": [
        "win32"
      ]
    },
    "node_modules/@supabase/cli-windows-x64": {
      "version": "2.106.0",
      "resolved": "https://registry.npmjs.org/@supabase/cli-windows-x64/-/cli-windows-x64-2.106.0.tgz",
      "integrity": "sha512-1tQFbrH1KJhWJqHrY087XPz1WRi20eKG1pebG+6PjSD6XN+j0+x1PTOtBZrylXgY1fOg8BqgU8kl3KX8hI5l9w==",
      "cpu": [
        "x64"
      ],
      "dev": true,
      "license": "MIT",
      "optional": true,
      "os": [
        "win32"
      ]
    },
    "node_modules/supabase": {
      "version": "2.106.0",
      "resolved": "https://registry.npmjs.org/supabase/-/supabase-2.106.0.tgz",
      "integrity": "sha512-jV0PJi5LqXUMZ4kriRLvST3DX1YDhrxOgnFJLOn6oUw3KQEFJPXhA60yLQ9aWG1E1uZCp4vUJwSuSGq3HPfaSQ==",
      "dev": true,
      "license": "MIT",
      "bin": {
        "supabase": "dist/supabase.js"
      },
      "optionalDependencies": {
        "@supabase/cli-darwin-arm64": "2.106.0",
        "@supabase/cli-darwin-x64": "2.106.0",
        "@supabase/cli-linux-arm64": "2.106.0",
        "@supabase/cli-linux-arm64-musl": "2.106.0",
        "@supabase/cli-linux-x64": "2.106.0",
        "@supabase/cli-linux-x64-musl": "2.106.0",
        "@supabase/cli-windows-arm64": "2.106.0",
        "@supabase/cli-windows-x64": "2.106.0"
      }
    }
  }
}
